<Solution>
  <Configurations>
    <Platform Name="x64" />
    <Platform Name="x86" />
  </Configurations>
  <Project Path="3. InputOutputAndStrings/3. InputOutputAndStrings.vcxproj" Id="6f115bef-e03e-40ea-97de-73754a6403b9" />
  <Project Path="OperationsAndExpressions/OperationsAndExpressions.vcxproj" Id="f32b7bc1-5e3d-4782-8ecc-b727cb00fed3" />
  <Project Path="VariablesAndDataTypes/VariablesAndDataTypes.vcxproj" Id="e73b65ec-8774-40e0-bbe0-315101a773cd" />
</Solution>
